
Microsoft Visual Studio Solution File, Format Version 12.00
# Visual Studio Version 17
VisualStudioVersion = 17.13.35931.197 d17.13
MinimumVisualStudioVersion = 10.0.40219.1
Project("{FAE04EC0-301F-11D3-BF4B-00C04F79EFBC}") = "OnlineShop", "OnlineShop\OnlineShop.csproj", "{6C49DA22-1284-40E9-9471-7DE4DFB3FA69}"
EndProject
Global
	GlobalSection(SolutionConfigurationPlatforms) = preSolution
		Debug|Any CPU = Debug|Any CPU
		Release|Any CPU = Release|Any CPU
	EndGlobalSection
	GlobalSection(ProjectConfigurationPlatforms) = postSolution
		{6C49DA22-1284-40E9-9471-7DE4DFB3FA69}.Debug|Any CPU.ActiveCfg = Debug|Any CPU
		{6C49DA22-1284-40E9-9471-7DE4DFB3FA69}.Debug|Any CPU.Build.0 = Debug|Any CPU
		{6C49DA22-1284-40E9-9471-7DE4DFB3FA69}.Release|Any CPU.ActiveCfg = Release|Any CPU
		{6C49DA22-1284-40E9-9471-7DE4DFB3FA69}.Release|Any CPU.Build.0 = Release|Any CPU
	EndGlobalSection
	GlobalSection(SolutionProperties) = preSolution
		HideSolutionNode = FALSE
	EndGlobalSection
	GlobalSection(ExtensibilityGlobals) = postSolution
		SolutionGuid = {89C44A8E-CE50-4349-9AD3-82381140E5A9}
	EndGlobalSection
EndGlobal
